
Microsoft Visual Studio Solution File, Format Version 12.00
# Visual Studio Version 17
VisualStudioVersion = 17.7.34024.191
MinimumVisualStudioVersion = 10.0.40219.1
Project("{8BC9CEB8-8B4A-11D0-8D11-00A0C91BC942}") = "Server-App", "Server-App\Server-App.vcxproj", "{048EE775-4F2D-42FF-B7D1-469D0051C675}"
EndProject
Project("{8BC9CEB8-8B4A-11D0-8D11-00A0C91BC942}") = "ValveNetworking", "ValveNetworking\ValveNetworking.vcxproj", "{FE39F5C3-77F7-493D-A9AA-A538548F7138}"
EndProject
Global
	GlobalSection(SolutionConfigurationPlatforms) = preSolution
		Debug|x64 = Debug|x64
		Release|x64 = Release|x64
	EndGlobalSection
	GlobalSection(ProjectConfigurationPlatforms) = postSolution
		{FE39F5C3-77F7-493D-A9AA-A538548F7138}.Debug|x64.ActiveCfg = Debug|x64
		{FE39F5C3-77F7-493D-A9AA-A538548F7138}.Debug|x64.Build.0 = Debug|x64
		{FE39F5C3-77F7-493D-A9AA-A538548F7138}.Release|x64.ActiveCfg = Release|x64
		{FE39F5C3-77F7-493D-A9AA-A538548F7138}.Release|x64.Build.0 = Release|x64
		{048EE775-4F2D-42FF-B7D1-469D0051C675}.Debug|x64.ActiveCfg = Debug|x64
		{048EE775-4F2D-42FF-B7D1-469D0051C675}.Debug|x64.Build.0 = Debug|x64
		{048EE775-4F2D-42FF-B7D1-469D0051C675}.Release|x64.ActiveCfg = Release|x64
		{048EE775-4F2D-42FF-B7D1-469D0051C675}.Release|x64.Build.0 = Release|x64
	EndGlobalSection
	GlobalSection(SolutionProperties) = preSolution
		HideSolutionNode = FALSE
	EndGlobalSection
	GlobalSection(ExtensibilityGlobals) = postSolution
		SolutionGuid = {55852B8B-74A0-4203-9800-88C48F90E469}
	EndGlobalSection
EndGlobal
